<?xml version="1.0" encoding="utf-8"?>
<Project ToolsVersion="4.0" xmlns="http://schemas.microsoft.com/developer/msbuild/2003">
  <ItemGroup>
    <Filter Include="Math">
      <UniqueIdentifier>{4FC737F1-C7A5-4376-A066-2A32D752A2FF}</UniqueIdentifier>
      <Extensions>cpp;c;cc;cxx;def;odl;idl;hpj;bat;asm;asmx</Extensions>
    </Filter>
    <Filter Include="Renderer">
      <UniqueIdentifier>{ddb17eba-e15e-4597-8bf6-064b16b159d3}</UniqueIdentifier>
    </Filter>
    <Filter Include="Helpers">
      <UniqueIdentifier>{72056cb6-72a2-42b7-b05e-376f1ddd957e}</UniqueIdentifier>
    </Filter>
    <Filter Include="Renderer\SceneGraph">
      <UniqueIdentifier>{d60e9a48-8234-4a82-a8ce-65e0a0d66379}</UniqueIdentifier>
    </Filter>
    <Filter Include="Renderer\SceneGraph\RenderScene">
      <UniqueIdentifier>{fe4a4ffc-7533-4042-8241-3e748e1a564a}</UniqueIdentifier>
    </Filter>
    <Filter Include="Renderer\SceneGraph\RenderScene\SceneItems">
      <UniqueIdentifier>{12db2dd9-ce87-4459-8e86-97a8dfe8cf9c}</UniqueIdentifier>
    </Filter>
    <Filter Include="Renderer\SceneGraph\RenderScene\SceneItems\Camera">
      <UniqueIdentifier>{8209a059-0dce-4cd4-b427-905256412b30}</UniqueIdentifier>
    </Filter>
    <Filter Include="Renderer\SceneGraph\RenderScene\SceneItems\Lights">
      <UniqueIdentifier>{3b10ee1a-05c4-477f-a41d-850dd0536f3a}</UniqueIdentifier>
    </Filter>
    <Filter Include="Renderer\SceneGraph\RenderScene\SceneItems\Objects">
      <UniqueIdentifier>{f02eca63-fc1e-408d-8cb4-26a4cb89278a}</UniqueIdentifier>
    </Filter>
    <Filter Include="Renderer\SceneGraph\RenderScene\SceneItems\Texture">
      <UniqueIdentifier>{0d5cdec1-8136-491b-92f0-752809dc802c}</UniqueIdentifier>
    </Filter>
    <Filter Include="Renderer\SceneGraph\RenderScene\SceneItems\Objects\Mesh">
      <UniqueIdentifier>{ea351738-865a-44f2-a78b-708b3f0aa395}</UniqueIdentifier>
    </Filter>
    <Filter Include="Helpers\Singleton">
      <UniqueIdentifier>{f6612fe9-4bad-4a44-898a-502a1e444a53}</UniqueIdentifier>
    </Filter>
    <Filter Include="Renderer\SceneGraph\RenderScene\SceneItems\Objects\Effect">
      <UniqueIdentifier>{f788c0e8-3e26-4d3e-af25-26c7a572e3ca}</UniqueIdentifier>
    </Filter>
  </ItemGroup>
  <ItemGroup>
    <ClInclude Include="EMath.h">
      <Filter>Math</Filter>
    </ClInclude>
    <ClInclude Include="EMathUtilities.h">
      <Filter>Math</Filter>
    </ClInclude>
    <ClInclude Include="EMatrix.h">
      <Filter>Math</Filter>
    </ClInclude>
    <ClInclude Include="EMatrix2.h">
      <Filter>Math</Filter>
    </ClInclude>
    <ClInclude Include="EMatrix3.h">
      <Filter>Math</Filter>
    </ClInclude>
    <ClInclude Include="EMatrix4.h">
      <Filter>Math</Filter>
    </ClInclude>
    <ClInclude Include="EPoint.h">
      <Filter>Math</Filter>
    </ClInclude>
    <ClInclude Include="EPoint2.h">
      <Filter>Math</Filter>
    </ClInclude>
    <ClInclude Include="EPoint3.h">
      <Filter>Math</Filter>
    </ClInclude>
    <ClInclude Include="EPoint4.h">
      <Filter>Math</Filter>
    </ClInclude>
    <ClInclude Include="EVector.h">
      <Filter>Math</Filter>
    </ClInclude>
    <ClInclude Include="EVector2.h">
      <Filter>Math</Filter>
    </ClInclude>
    <ClInclude Include="EVector3.h">
      <Filter>Math</Filter>
    </ClInclude>
    <ClInclude Include="EVector4.h">
      <Filter>Math</Filter>
    </ClInclude>
    <ClInclude Include="ERenderer.h">
      <Filter>Renderer</Filter>
    </ClInclude>
    <ClInclude Include="ERGBColor.h">
      <Filter>Helpers</Filter>
    </ClInclude>
    <ClInclude Include="ETimer.h">
      <Filter>Helpers</Filter>
    </ClInclude>
    <ClInclude Include="pch.h" />
    <ClInclude Include="Singleton.h">
      <Filter>Helpers\Singleton</Filter>
    </ClInclude>
    <ClInclude Include="SceneGraph.h">
      <Filter>Renderer\SceneGraph</Filter>
    </ClInclude>
    <ClInclude Include="RenderScene.h">
      <Filter>Renderer\SceneGraph\RenderScene</Filter>
    </ClInclude>
    <ClInclude Include="Object.h">
      <Filter>Renderer\SceneGraph\RenderScene\SceneItems\Objects</Filter>
    </ClInclude>
    <ClInclude Include="Texture.h">
      <Filter>Renderer\SceneGraph\RenderScene\SceneItems\Texture</Filter>
    </ClInclude>
    <ClInclude Include="Camera.h">
      <Filter>Renderer\SceneGraph\RenderScene\SceneItems\Camera</Filter>
    </ClInclude>
    <ClInclude Include="Mesh.h">
      <Filter>Renderer\SceneGraph\RenderScene\SceneItems\Objects\Mesh</Filter>
    </ClInclude>
    <ClInclude Include="Effect.h">
      <Filter>Renderer\SceneGraph\RenderScene\SceneItems\Objects\Effect</Filter>
    </ClInclude>
    <ClInclude Include="BaseEffect.h">
      <Filter>Renderer\SceneGraph\RenderScene\SceneItems\Objects\Effect</Filter>
    </ClInclude>
    <ClInclude Include="FlatEffect.h">
      <Filter>Renderer\SceneGraph\RenderScene\SceneItems\Objects\Effect</Filter>
    </ClInclude>
  </ItemGroup>
  <ItemGroup>
    <ClCompile Include="ERenderer.cpp">
      <Filter>Renderer</Filter>
    </ClCompile>
    <ClCompile Include="main.cpp" />
    <ClCompile Include="ETimer.cpp">
      <Filter>Helpers</Filter>
    </ClCompile>
    <ClCompile Include="pch.cpp" />
    <ClCompile Include="SceneGraph.cpp">
      <Filter>Renderer\SceneGraph</Filter>
    </ClCompile>
    <ClCompile Include="RenderScene.cpp">
      <Filter>Renderer\SceneGraph\RenderScene</Filter>
    </ClCompile>
    <ClCompile Include="Object.cpp">
      <Filter>Renderer\SceneGraph\RenderScene\SceneItems\Objects</Filter>
    </ClCompile>
    <ClCompile Include="Texture.cpp">
      <Filter>Renderer\SceneGraph\RenderScene\SceneItems\Texture</Filter>
    </ClCompile>
    <ClCompile Include="Camera.cpp">
      <Filter>Renderer\SceneGraph\RenderScene\SceneItems\Camera</Filter>
    </ClCompile>
    <ClCompile Include="Mesh.cpp">
      <Filter>Renderer\SceneGraph\RenderScene\SceneItems\Objects\Mesh</Filter>
    </ClCompile>
    <ClCompile Include="Effect.cpp">
      <Filter>Renderer\SceneGraph\RenderScene\SceneItems\Objects\Effect</Filter>
    </ClCompile>
    <ClCompile Include="BaseEffect.cpp">
      <Filter>Renderer\SceneGraph\RenderScene\SceneItems\Objects\Effect</Filter>
    </ClCompile>
    <ClCompile Include="FlatEffect.cpp">
      <Filter>Renderer\SceneGraph\RenderScene\SceneItems\Objects\Effect</Filter>
    </ClCompile>
  </ItemGroup>
</Project>